PODS:
  - CustomCameraSDK (1.0.0)

DEPENDENCIES:
  - CustomCameraSDK (from `../CustomCameraSDK`)

EXTERNAL SOURCES:
  CustomCameraSDK:
    :path: "../CustomCameraSDK"

SPEC CHECKSUMS:
  CustomCameraSDK: 20c8be40f19613bbe20b9ed4e41f8ebc5d65b51f

PODFILE CHECKSUM: cc046349e434ae984d3682eafe29df5142670654

COCOAPODS: 1.14.3
